github.com/akavel/rsrc v0.0.0-20170831122431-f6a15ece2cfd h1:yumR8733CaQ3P76MFbIbBKdrJmy4EqnQ5DIhqq8gq2Q=
github.com/akavel/rsrc v0.0.0-20170831122431-f6a15ece2cfd/go.mod h1:2+aQMrY0hBFBaIr2xxnZ/ctfwnYmMRMbTczYLAC34v4=
github.com/asticode/go-astichartjs v0.0.0-20171203123127-efebf848095e h1:MZ7C3mFyb1JeWIJYPvnGmt7EGqyfxhZlCQBDObH0NPk=
github.com/asticode/go-astichartjs v0.0.0-20171203123127-efebf848095e/go.mod h1:4vdQkXSjlCHjgtfNnr00cr98Yv7l6IkRtxgrKqrxaDQ=
github.com/asticode/go-astilectron v0.6.0 h1:trbVNAbr0bePZdnp1bmTvbMCKo4PH8FfIovrpdEIJdQ=
github.com/asticode/go-astilectron v0.6.0/go.mod h1:XN7r4w/s0Eu7D5TgmXuPN07sO8CmYHg95kw2EuW15nE=
github.com/asticode/go-astilectron-bootstrap v0.0.0-20180616141213-b3211646d205 h1:rCYoIm4F11K8tNUEB0TbNT4QsVx9MBgI09thWJ075S4=
github.com/asticode/go-astilectron-bootstrap v0.0.0-20180616141213-b3211646d205/go.mod h1:SRaKevdZAZLWX+GCK49MNPYnHGjcNEP4XN3swtIWC3Q=
github.com/asticode/go-astilectron-bundler v0.0.0-20181213032519-a4d212699058 h1:WoVCKplW8DlHuC2X8UUXI/0M2t7+cwAICqZGTiSomWU=
github.com/asticode/go-astilectron-bundler v0.0.0-20181213032519-a4d212699058/go.mod h1:7iR/tJj8CDwh3dlELvVf/GzgPzRoj+5t4zqiAPLOZfI=
github.com/asticode/go-astilog v0.0.0-20181103083846-d7440316555d h1:kEwLeJ+I8F+AT08bO+HQhBu54WChuIRXZ2uSKsZwZHk=
github.com/asticode/go-astilog v0.0.0-20181103083846-d7440316555d/go.mod h1:Ps37X/dJWJEfYRhZW+oSPV9Q2bJsZKeUbcELRGHHcTw=
github.com/asticode/go-astitools v0.0.0-20181027135708-933b5f686c38 h1:Wa5e1o9OkgwBGJpxCaTlemBXmMvsTHfRLBSKP1kGyAw=
github.com/asticode/go-astitools v0.0.0-20181027135708-933b5f686c38/go.mod h1:vPD76Qs1Diw7YLv8/lwOtAC84r0b3K5GU6tAxyrZuE0=
github.com/asticode/go-bindata v0.0.0-20151023091102-a0ff2567cfb7 h1:gYpAQQSHIQDjCQDNZFLK2QNg2AHojNEDtdr5lgN7BAQ=
github.com/asticode/go-bindata v0.0.0-20151023091102-a0ff2567cfb7/go.mod h1:U4/+WvsiMSeOj+af0opIouj0B3bEaTvHoIJ73+r6vUU=
github.com/davecgh/go-spew v1.1.1/go.mod h1:J7Y8YcW2NihsgmVo/mv3lAwl/skON4iLHjSsI+c5H38=
github.com/julienschmidt/httprouter v1.2.0 h1:TDTW5Yz1mjftljbcKqRcrYhd4XeOoI98t+9HbQbYf7g=
github.com/julienschmidt/httprouter v1.2.0/go.mod h1:SYymIcj16QtmaHHD7aYtjjsJG7VTCxuUUipMqKk8s4w=
github.com/konsorten/go-windows-terminal-sequences v1.0.1/go.mod h1:T0+1ngSBFLxvqU3pZ+m/2kptfBszLMUkC4ZK/EgS/cQ=
github.com/pkg/errors v0.8.0 h1:WdK/asTD0HN+q6hsWO3/vpuAkAr+tw6aNJNDFFf0+qw=
github.com/pkg/errors v0.8.0/go.mod h1:bwawxfHBFNV+L2hUp1rHADufV3IMtnDRdf1r5NINEl0=
github.com/pmezard/go-difflib v1.0.0/go.mod h1:iKH77koFhYxTK1pcRnkKkqfTogsbg7gZNVY4sRDYZ/4=
github.com/sirupsen/logrus v1.2.0 h1:juTguoYk5qI21pwyTXY3B3Y5cOTH3ZUyZCg1v/mihuo=
github.com/sirupsen/logrus v1.2.0/go.mod h1:LxeOpSwHxABJmUn/MG1IvRgCAasNZTLOkJPxbbu5VWo=
github.com/stretchr/objx v0.1.1/go.mod h1:HFkY916IF+rwdDfMAkV7OtwuqBVzrE8GR6GFx+wExME=
github.com/stretchr/testify v1.2.2/go.mod h1:a8OnRcib4nhh0OaRAV+Yts87kKdq0PP7pXfy6kDkUVs=
golang.org/x/crypto v0.0.0-20180904163835-0709b304e793/go.mod h1:6SG95UA2DQfeDnfUPMdvaQW0Q7yPrPDi9nlGo2tz2b4=
golang.org/x/crypto v0.0.0-20181203042331-505ab145d0a9 h1:mKdxBk7AujPs8kU4m80U72y/zjbZ3UcXC7dClwKbUI0=
golang.org/x/crypto v0.0.0-20181203042331-505ab145d0a9/go.mod h1:6SG95UA2DQfeDnfUPMdvaQW0Q7yPrPDi9nlGo2tz2b4=
golang.org/x/sys v0.0.0-20180905080454-ebe1bf3edb33 h1:I6FyU15t786LL7oL/hn43zqTuEGr4PN7F4XJ1p4E3Y8=
golang.org/x/sys v0.0.0-20180905080454-ebe1bf3edb33/go.mod h1:STP8DvDyc/dI5b8T5hshtkjS+E42TnysNCUPdjciGhY=
